
Microsoft Visual Studio Solution File, Format Version 12.00
# Visual Studio Version 17
VisualStudioVersion = 17.0.31423.177
MinimumVisualStudioVersion = 10.0.40219.1
Project("{9A19103F-16F7-4668-BE54-9A1E7A4F7556}") = "mingyaulee", "mingyaulee\mingyaulee.csproj", "{45D3944C-0503-4E70-B9CA-02C728F0D35A}"
EndProject
Project("{2150E333-8FDC-42A3-9474-1A3956D46DE8}") = "workflows", "workflows", "{09C1290D-A728-4821-A4A0-76CF71761AEE}"
	ProjectSection(SolutionItems) = preProject
		..\.github\workflows\Profile-Release.yml = ..\.github\workflows\Profile-Release.yml
	EndProjectSection
EndProject
Global
	GlobalSection(SolutionConfigurationPlatforms) = preSolution
		Debug|Any CPU = Debug|Any CPU
		Release|Any CPU = Release|Any CPU
	EndGlobalSection
	GlobalSection(ProjectConfigurationPlatforms) = postSolution
		{45D3944C-0503-4E70-B9CA-02C728F0D35A}.Debug|Any CPU.ActiveCfg = Debug|Any CPU
		{45D3944C-0503-4E70-B9CA-02C728F0D35A}.Debug|Any CPU.Build.0 = Debug|Any CPU
		{45D3944C-0503-4E70-B9CA-02C728F0D35A}.Release|Any CPU.ActiveCfg = Release|Any CPU
		{45D3944C-0503-4E70-B9CA-02C728F0D35A}.Release|Any CPU.Build.0 = Release|Any CPU
	EndGlobalSection
	GlobalSection(SolutionProperties) = preSolution
		HideSolutionNode = FALSE
	EndGlobalSection
	GlobalSection(ExtensibilityGlobals) = postSolution
		SolutionGuid = {D0F7B168-ADA6-46FE-B4EE-058C8BBC2764}
	EndGlobalSection
EndGlobal
